
Microsoft Visual Studio Solution File, Format Version 12.00
# Visual Studio Version 17
VisualStudioVersion = 17.7.34003.232
MinimumVisualStudioVersion = 10.0.40219.1
Project("{FAE04EC0-301F-11D3-BF4B-00C04F79EFBC}") = "ParkingCarManager", "ParkingCarManager.csproj", "{751C63FA-B2BB-4BD0-9157-48D14FA00468}"
EndProject
Global
	GlobalSection(SolutionConfigurationPlatforms) = preSolution
		Debug|Any CPU = Debug|Any CPU
		Release|Any CPU = Release|Any CPU
	EndGlobalSection
	GlobalSection(ProjectConfigurationPlatforms) = postSolution
		{751C63FA-B2BB-4BD0-9157-48D14FA00468}.Debug|Any CPU.ActiveCfg = Debug|Any CPU
		{751C63FA-B2BB-4BD0-9157-48D14FA00468}.Debug|Any CPU.Build.0 = Debug|Any CPU
		{751C63FA-B2BB-4BD0-9157-48D14FA00468}.Release|Any CPU.ActiveCfg = Release|Any CPU
		{751C63FA-B2BB-4BD0-9157-48D14FA00468}.Release|Any CPU.Build.0 = Release|Any CPU
	EndGlobalSection
	GlobalSection(SolutionProperties) = preSolution
		HideSolutionNode = FALSE
	EndGlobalSection
	GlobalSection(ExtensibilityGlobals) = postSolution
		SolutionGuid = {C0734B00-0884-4269-9980-18CF80F5C48A}
	EndGlobalSection
EndGlobal
